# This file is automatically @generated by Cargo.
# It is not intended for manual editing.
version = 3

[[package]]
name = "autocfg"
version = "1.1.0"
source = "registry+https://github.com/rust-lang/crates.io-index"
checksum = "d468802bab17cbc0cc575e9b053f41e72aa36bfa6b7f55e3529ffa43161b97fa"

[[package]]
name = "cfg-if"
version = "1.0.0"
source = "registry+https://github.com/rust-lang/crates.io-index"
checksum = "baf1de4339761588bc0619e3cbc0120ee582ebb74b53b4efbf79117bd2da40fd"

[[package]]
name = "matrixmultiply"
version = "0.3.8"
source = "registry+https://github.com/rust-lang/crates.io-index"
checksum = "7574c1cf36da4798ab73da5b215bbf444f50718207754cb522201d78d1cd0ff2"
dependencies = [
 "autocfg",
 "rawpointer",
]

[[package]]
name = "mexcare"
version = "0.1.0"
dependencies = [
 "rustmex",
]

[[package]]
name = "more-asserts"
version = "0.3.1"
source = "registry+https://github.com/rust-lang/crates.io-index"
checksum = "1fafa6961cabd9c63bcd77a45d7e3b7f3b552b70417831fb0f56db717e72407e"

[[package]]
name = "ndarray"
version = "0.15.6"
source = "registry+https://github.com/rust-lang/crates.io-index"
checksum = "adb12d4e967ec485a5f71c6311fe28158e9d6f4bc4a447b474184d0f91a8fa32"
dependencies = [
 "matrixmultiply",
 "num-complex",
 "num-integer",
 "num-traits",
 "rawpointer",
]

[[package]]
name = "num-complex"
version = "0.4.4"
source = "registry+https://github.com/rust-lang/crates.io-index"
checksum = "1ba157ca0885411de85d6ca030ba7e2a83a28636056c7c699b07c8b6f7383214"
dependencies = [
 "num-traits",
]

[[package]]
name = "num-integer"
version = "0.1.45"
source = "registry+https://github.com/rust-lang/crates.io-index"
checksum = "225d3389fb3509a24c93f5c29eb6bde2586b98d9f016636dff58d7c6f7569cd9"
dependencies = [
 "autocfg",
 "num-traits",
]

[[package]]
name = "num-traits"
version = "0.2.17"
source = "registry+https://github.com/rust-lang/crates.io-index"
checksum = "39e3200413f237f41ab11ad6d161bc7239c84dcb631773ccd7de3dfe4b5c267c"
dependencies = [
 "autocfg",
]

[[package]]
name = "proc-macro2"
version = "1.0.69"
source = "registry+https://github.com/rust-lang/crates.io-index"
checksum = "134c189feb4956b20f6f547d2cf727d4c0fe06722b20a0eec87ed445a97f92da"
dependencies = [
 "unicode-ident",
]

[[package]]
name = "quote"
version = "1.0.33"
source = "registry+https://github.com/rust-lang/crates.io-index"
checksum = "5267fca4496028628a95160fc423a33e8b2e6af8a5302579e322e4b520293cae"
dependencies = [
 "proc-macro2",
]

[[package]]
name = "rawpointer"
version = "0.2.1"
source = "registry+https://github.com/rust-lang/crates.io-index"
checksum = "60a357793950651c4ed0f3f52338f53b2f809f32d83a07f72909fa13e4c6c1e3"

[[package]]
name = "rustmex"
version = "0.6.3"
source = "registry+https://github.com/rust-lang/crates.io-index"
checksum = "84acb63e4c3de9b6476ec668163bb3b00818157c6d4f51a21c9bdaac7b7111a3"
dependencies = [
 "cfg-if",
 "more-asserts",
 "ndarray",
 "num-complex",
 "rustmex-entrypoint",
 "rustmex_core 0.3.0",
 "rustmex_interleaved_complex",
 "rustmex_octave",
 "rustmex_separated_complex",
]

[[package]]
name = "rustmex-entrypoint"
version = "0.4.2"
source = "registry+https://github.com/rust-lang/crates.io-index"
checksum = "11619873359034387045dccfa9071a1a4066cc73db70ff9b3ead2bc8cf61dc72"
dependencies = [
 "quote",
 "syn",
]

[[package]]
name = "rustmex_core"
version = "0.2.0"
source = "registry+https://github.com/rust-lang/crates.io-index"
checksum = "9dd66638592eeb8d23a68c96dffbb4f7763f087232faecd1012a94ab36b9722f"
dependencies = [
 "num-complex",
]

[[package]]
name = "rustmex_core"
version = "0.3.0"
source = "registry+https://github.com/rust-lang/crates.io-index"
checksum = "092c8b064a581f90fcfb5786b9a57deaf0ab3a2fa3dca3798b177e0af497bcc7"
dependencies = [
 "num-complex",
]

[[package]]
name = "rustmex_interleaved_complex"
version = "0.2.0"
source = "registry+https://github.com/rust-lang/crates.io-index"
checksum = "cd0f7794ea7054f9e3de72a4023aa4817ac274309922dc0447c9bfcdee3a04cf"
dependencies = [
 "ndarray",
 "num-complex",
 "rustmex_core 0.2.0",
]

[[package]]
name = "rustmex_octave"
version = "0.1.2"
source = "registry+https://github.com/rust-lang/crates.io-index"
checksum = "ff5f12117c06f7373d22e07cc5c5a678f1035f9844fd024605b1a97e45edc225"
dependencies = [
 "num-complex",
 "rustmex_core 0.2.0",
]

[[package]]
name = "rustmex_separated_complex"
version = "0.2.0"
source = "registry+https://github.com/rust-lang/crates.io-index"
checksum = "bdd756f28644f8cea1ed6a3778184e74470b79476104fd8a438437f1b179ddc0"
dependencies = [
 "ndarray",
 "num-complex",
 "rustmex_core 0.2.0",
]

[[package]]
name = "syn"
version = "1.0.109"
source = "registry+https://github.com/rust-lang/crates.io-index"
checksum = "72b64191b275b66ffe2469e8af2c1cfe3bafa67b529ead792a6d0160888b4237"
dependencies = [
 "proc-macro2",
 "quote",
 "unicode-ident",
]

[[package]]
name = "unicode-ident"
version = "1.0.12"
source = "registry+https://github.com/rust-lang/crates.io-index"
checksum = "3354b9ac3fae1ff6755cb6db53683adb661634f67557942dea4facebec0fee4b"
